<Solution>
  <Project Path="interface - 3/interface - 3.csproj" Id="df29e906-2073-4e58-87df-ddb7ba63ac33" />
  <Project Path="interface - ref - 2/interface - ref - 2.csproj" Id="ec13b552-7fe6-4a7f-998c-3e98abd89a18" />
  <Project Path="nesne kopyalama/nesne kopyalama.csproj" Id="00d3d5d8-5ad0-4edc-b658-fd48b75a7a1d" />
  <Project Path="OOP - 4/Built-in Interface - 1 compare.csproj" Id="b40797c6-d2bc-4edb-b80c-ed3c831e0e76" />
</Solution>
