<Solution>
  <Project Path="class get , set - 4/class get , set - 4.csproj" Id="8d5a2fee-9118-4a29-b48c-a9b1340855aa" />
  <Project Path="Constructer - 3/Constructer - 3.csproj" Id="ed19bb96-6032-462f-9a73-b3c0f198b065" />
  <Project Path="Exercise - 2/Exercise - 2.csproj" Id="5cc628e9-fdcc-4997-a2d5-1591e4f88e09" />
  <Project Path="OOP öğrenme - 1/OOP öğrenme - 1.csproj" Id="56207139-ff74-4f61-b684-c4e5142a523c" />
</Solution>
