<Solution>
  <Project Path="Dictionary - 2/Dictionary - 2.csproj" Id="a0ab18eb-afd0-4eef-ada8-e5b0e35b91cc" />
  <Project Path="HashSet - 5/HashSet - 5.csproj" Id="16b47877-ad39-4b4d-b769-17a33588996e" />
  <Project Path="Koleksiyon ve Class - 1/Koleksiyon ve Class - 1.csproj" Id="4d6baf71-2d6f-417d-a32d-d7825c94e7c4" />
  <Project Path="Koleksiyonlar - 1/Koleksiyonlar - List -1.csproj" Id="1745699b-3e09-49ab-9477-cf5ffb9686d5" />
  <Project Path="Queue - 4/Queue - 4.csproj" Id="77650578-310c-42c6-8fc6-1c8e6fc88b89" />
  <Project Path="Stack - 3/Stack - 3.csproj" Id="99ce95f9-d4d2-4ddb-a0cd-6e1b19782a85" />
</Solution>
