<Solution>
  <Project Path="hepsi - deneme - 1/hepsi - deneme - 1.csproj" Id="175b46fe-3583-4a0c-85c8-05413b65718d" />
  <Project Path="interface -1/interface -1.csproj" Id="2e42ecaf-c7de-4b2e-92d8-db083da7bb15" />
  <Project Path="OOP - 3/OOP - abstract - 3.csproj" Id="2759cced-55ad-432d-b818-c08ecfe6a1d2" />
</Solution>
