<Solution>
  <Project Path="Kalıtım - 2/Kalıtım - 2.csproj" Id="78531bfd-f3c6-45fa-b8c3-892580793f33" />
  <Project Path="Kapsülleme - best practice/Kapsülleme - best practice.csproj" Id="e16e360e-31b3-476f-873e-016dc00e0118" />
  <Project Path="OOP - 2/OOP İnhertance - 1.csproj" Id="3787b3ae-6e60-410a-ba08-8a467d29ac5a" />
  <Project Path="Polymorphism - 1/Polymorphism - 1.csproj" Id="507427ab-2fb7-463a-a054-5fccba5bd2f0" />
</Solution>
